
Microsoft Visual Studio Solution File, Format Version 12.00
# Visual Studio Version 17
VisualStudioVersion = 17.4.33110.190
MinimumVisualStudioVersion = 10.0.40219.1
Project("{FAE04EC0-301F-11D3-BF4B-00C04F79EFBC}") = "Examen3_Problema01", "Examen3_Problema01\Examen3_Problema01.csproj", "{1ABE35E2-7B07-445F-9BFA-746F600DEA0B}"
EndProject
Global
	GlobalSection(SolutionConfigurationPlatforms) = preSolution
		Debug|Any CPU = Debug|Any CPU
		Release|Any CPU = Release|Any CPU
	EndGlobalSection
	GlobalSection(ProjectConfigurationPlatforms) = postSolution
		{1ABE35E2-7B07-445F-9BFA-746F600DEA0B}.Debug|Any CPU.ActiveCfg = Debug|Any CPU
		{1ABE35E2-7B07-445F-9BFA-746F600DEA0B}.Debug|Any CPU.Build.0 = Debug|Any CPU
		{1ABE35E2-7B07-445F-9BFA-746F600DEA0B}.Release|Any CPU.ActiveCfg = Release|Any CPU
		{1ABE35E2-7B07-445F-9BFA-746F600DEA0B}.Release|Any CPU.Build.0 = Release|Any CPU
	EndGlobalSection
	GlobalSection(SolutionProperties) = preSolution
		HideSolutionNode = FALSE
	EndGlobalSection
	GlobalSection(ExtensibilityGlobals) = postSolution
		SolutionGuid = {C668F314-5ECD-405F-BF62-C89457F4F718}
	EndGlobalSection
EndGlobal
